# Resolved release artifacts. Every entry is pinned by SHA-256 and is downloaded
# from the GitHub release named by `tag`, never from a source tree.
#
# This file is cumulative: an entry stays here for as long as its compat line
# should keep a working alias. Removing the last entry in a line fails the build.

[[artifact]]
project = "columnzero-schemas"
tag = "schemas-v1.0.0"
version = "1.0.0"
url = "https://github.com/unprofessor/columnzero-schemas/releases/download/schemas-v1.0.0/schemas.tar.gz"
sha256 = "aba2cac7a822416c365dd785baae8e223896e073506c3e3afc9f289bccf1347a"
